// !$*UTF8*$!
{
	archiveVersion = 1;
	classes = {
	};
	objectVersion = 46;
	objects = {

/* Begin PBXBuildFile section */
		322329091E8A55FD00F78DB1 /* ZFPlayer.h in Sources */ = {isa = PBXBuildFile; fileRef = 3298EEE41E7A6E6200C46937 /* ZFPlayer.h */; };
		3223290A1E8A55FD00F78DB1 /* ZFPlayerControlView.h in Sources */ = {isa = PBXBuildFile; fileRef = 3298EEE51E7A6E6200C46937 /* ZFPlayerControlView.h */; };
		3223290B1E8A55FD00F78DB1 /* ZFPlayerControlViewDelegate.h in Sources */ = {isa = PBXBuildFile; fileRef = 3298EEE71E7A6E6200C46937 /* ZFPlayerControlViewDelegate.h */; };
		3223290C1E8A55FD00F78DB1 /* ZFPlayerModel.h in Sources */ = {isa = PBXBuildFile; fileRef = 3298EEE81E7A6E6200C46937 /* ZFPlayerModel.h */; };
		3223290D1E8A55FD00F78DB1 /* ZFPlayerView.h in Sources */ = {isa = PBXBuildFile; fileRef = 3298EEEA1E7A6E6200C46937 /* ZFPlayerView.h */; };
		3262FA491E8B904700C4F585 /* MineHeaderView.swift in Sources */ = {isa = PBXBuildFile; fileRef = 3262FA481E8B904700C4F585 /* MineHeaderView.swift */; };
		329239EB1E821DF40037D638 /* videoData.json in Resources */ = {isa = PBXBuildFile; fileRef = 329239EA1E821DF40037D638 /* videoData.json */; };
		329239F01E821FDF0037D638 /* DiscoverTableViewCell.swift in Sources */ = {isa = PBXBuildFile; fileRef = 329239EF1E821FDF0037D638 /* DiscoverTableViewCell.swift */; };
		329239F21E8220350037D638 /* VideoListModel.swift in Sources */ = {isa = PBXBuildFile; fileRef = 329239F11E8220350037D638 /* VideoListModel.swift */; };
		329239F41E82205D0037D638 /* VideoModel.swift in Sources */ = {isa = PBXBuildFile; fileRef = 329239F31E82205D0037D638 /* VideoModel.swift */; };
		3298EE041E79286900C46937 /* AppDelegate.swift in Sources */ = {isa = PBXBuildFile; fileRef = 3298EE031E79286900C46937 /* AppDelegate.swift */; };
		3298EE061E79286900C46937 /* ViewController.swift in Sources */ = {isa = PBXBuildFile; fileRef = 3298EE051E79286900C46937 /* ViewController.swift */; };
		3298EE091E79286900C46937 /* Main.storyboard in Resources */ = {isa = PBXBuildFile; fileRef = 3298EE071E79286900C46937 /* Main.storyboard */; };
		3298EE0B1E79286900C46937 /* Assets.xcassets in Resources */ = {isa = PBXBuildFile; fileRef = 3298EE0A1E79286900C46937 /* Assets.xcassets */; };
		3298EE0E1E79286900C46937 /* LaunchScreen.storyboard in Resources */ = {isa = PBXBuildFile; fileRef = 3298EE0C1E79286900C46937 /* LaunchScreen.storyboard */; };
		3298EE191E79286900C46937 /* WQDouShiTests.swift in Sources */ = {isa = PBXBuildFile; fileRef = 3298EE181E79286900C46937 /* WQDouShiTests.swift */; };
		3298EE241E79286900C46937 /* WQDouShiUITests.swift in Sources */ = {isa = PBXBuildFile; fileRef = 3298EE231E79286900C46937 /* WQDouShiUITests.swift */; };
		3298EE4B1E79335200C46937 /* DiscoverViewController.swift in Sources */ = {isa = PBXBuildFile; fileRef = 3298EE4A1E79335200C46937 /* DiscoverViewController.swift */; };
		3298EE4D1E79336000C46937 /* HomeViewController.swift in Sources */ = {isa = PBXBuildFile; fileRef = 3298EE4C1E79336000C46937 /* HomeViewController.swift */; };
		3298EE4F1E7933B300C46937 /* MainTabBarViewController.swift in Sources */ = {isa = PBXBuildFile; fileRef = 3298EE4E1E7933B300C46937 /* MainTabBarViewController.swift */; };
		3298EE511E7933D600C46937 /* BaseNavigationViewController.swift in Sources */ = {isa = PBXBuildFile; fileRef = 3298EE501E7933D600C46937 /* BaseNavigationViewController.swift */; };
		3298EE531E7933EA00C46937 /* MineViewController.swift in Sources */ = {isa = PBXBuildFile; fileRef = 3298EE521E7933EA00C46937 /* MineViewController.swift */; };
		3298EE551E7933FF00C46937 /* MusicViewController.swift in Sources */ = {isa = PBXBuildFile; fileRef = 3298EE541E7933FF00C46937 /* MusicViewController.swift */; };
		3298EE641E79365100C46937 /* Array+Extension.swift in Sources */ = {isa = PBXBuildFile; fileRef = 3298EE581E79365100C46937 /* Array+Extension.swift */; };
		3298EE651E79365100C46937 /* CALayer+Extension.swift in Sources */ = {isa = PBXBuildFile; fileRef = 3298EE591E79365100C46937 /* CALayer+Extension.swift */; };
		3298EE661E79365100C46937 /* NSObject+Extension.swift in Sources */ = {isa = PBXBuildFile; fileRef = 3298EE5A1E79365100C46937 /* NSObject+Extension.swift */; };
		3298EE681E79365100C46937 /* UIBUtton+Extension.swift in Sources */ = {isa = PBXBuildFile; fileRef = 3298EE5C1E79365100C46937 /* UIBUtton+Extension.swift */; };
		3298EE691E79365100C46937 /* UIColor+Extension.swift in Sources */ = {isa = PBXBuildFile; fileRef = 3298EE5D1E79365100C46937 /* UIColor+Extension.swift */; };
		3298EE6A1E79365100C46937 /* UIImage+Extension.swift in Sources */ = {isa = PBXBuildFile; fileRef = 3298EE5E1E79365100C46937 /* UIImage+Extension.swift */; };
		3298EE6B1E79365100C46937 /* UIImageView+Extension.swift in Sources */ = {isa = PBXBuildFile; fileRef = 3298EE5F1E79365100C46937 /* UIImageView+Extension.swift */; };
		3298EE6C1E79365100C46937 /* UILabel+Extension.swift in Sources */ = {isa = PBXBuildFile; fileRef = 3298EE601E79365100C46937 /* UILabel+Extension.swift */; };
		3298EE6D1E79365100C46937 /* UIView+Extension.swift in Sources */ = {isa = PBXBuildFile; fileRef = 3298EE611E79365100C46937 /* UIView+Extension.swift */; };
		3298EE6E1E79365100C46937 /* UIViewController+Extension.swift in Sources */ = {isa = PBXBuildFile; fileRef = 3298EE621E79365100C46937 /* UIViewController+Extension.swift */; };
		3298EE701E7936D200C46937 /* Constant.swift in Sources */ = {isa = PBXBuildFile; fileRef = 3298EE6F1E7936D200C46937 /* Constant.swift */; };
		3298EE721E793F6E00C46937 /* SongGroup.swift in Sources */ = {isa = PBXBuildFile; fileRef = 3298EE711E793F6E00C46937 /* SongGroup.swift */; };
		3298EE741E793F7700C46937 /* Song.swift in Sources */ = {isa = PBXBuildFile; fileRef = 3298EE731E793F7700C46937 /* Song.swift */; };
		3298EE761E793F9200C46937 /* SongDetail.swift in Sources */ = {isa = PBXBuildFile; fileRef = 3298EE751E793F9200C46937 /* SongDetail.swift */; };
		3298EE781E79416E00C46937 /* MusicCollectionCell.swift in Sources */ = {isa = PBXBuildFile; fileRef = 3298EE771E79416E00C46937 /* MusicCollectionCell.swift */; };
		3298EE7B1E79438400C46937 /* NetWorkTool.swift in Sources */ = {isa = PBXBuildFile; fileRef = 3298EE7A1E79438400C46937 /* NetWorkTool.swift */; };
		3298EECC1E7A6A8700C46937 /* MusicListTableViewController.swift in Sources */ = {isa = PBXBuildFile; fileRef = 3298EECB1E7A6A8700C46937 /* MusicListTableViewController.swift */; };
		3298EECE1E7A6BC100C46937 /* MusicListTableViewCell.swift in Sources */ = {isa = PBXBuildFile; fileRef = 3298EECD1E7A6BC100C46937 /* MusicListTableViewCell.swift */; };
		3298EEEC1E7A6E6200C46937 /* ASValuePopUpView.m in Sources */ = {isa = PBXBuildFile; fileRef = 3298EED11E7A6E6200C46937 /* ASValuePopUpView.m */; };
		3298EEED1E7A6E6200C46937 /* ASValueTrackingSlider.m in Sources */ = {isa = PBXBuildFile; fileRef = 3298EED31E7A6E6200C46937 /* ASValueTrackingSlider.m */; };
		3298EEEE1E7A6E6200C46937 /* UIImageView+ZFCache.m in Sources */ = {isa = PBXBuildFile; fileRef = 3298EED61E7A6E6200C46937 /* UIImageView+ZFCache.m */; };
		3298EEEF1E7A6E6200C46937 /* UINavigationController+ZFPlayerRotation.m in Sources */ = {isa = PBXBuildFile; fileRef = 3298EED81E7A6E6200C46937 /* UINavigationController+ZFPlayerRotation.m */; };
		3298EEF01E7A6E6200C46937 /* UITabBarController+ZFPlayerRotation.m in Sources */ = {isa = PBXBuildFile; fileRef = 3298EEDA1E7A6E6200C46937 /* UITabBarController+ZFPlayerRotation.m */; };
		3298EEF11E7A6E6200C46937 /* UIView+CustomControlView.m in Sources */ = {isa = PBXBuildFile; fileRef = 3298EEDC1E7A6E6200C46937 /* UIView+CustomControlView.m */; };
		3298EEF21E7A6E6200C46937 /* UIViewController+ZFPlayerRotation.m in Sources */ = {isa = PBXBuildFile; fileRef = 3298EEDE1E7A6E6200C46937 /* UIViewController+ZFPlayerRotation.m */; };
		3298EEF31E7A6E6200C46937 /* MMMaterialDesignSpinner.m in Sources */ = {isa = PBXBuildFile; fileRef = 3298EEE01E7A6E6200C46937 /* MMMaterialDesignSpinner.m */; };
		3298EEF41E7A6E6200C46937 /* ZFBrightnessView.m in Sources */ = {isa = PBXBuildFile; fileRef = 3298EEE21E7A6E6200C46937 /* ZFBrightnessView.m */; };
		3298EEF51E7A6E6200C46937 /* ZFPlayer.bundle in Resources */ = {isa = PBXBuildFile; fileRef = 3298EEE31E7A6E6200C46937 /* ZFPlayer.bundle */; };
		3298EEF61E7A6E6200C46937 /* ZFPlayerControlView.m in Sources */ = {isa = PBXBuildFile; fileRef = 3298EEE61E7A6E6200C46937 /* ZFPlayerControlView.m */; };
		3298EEF71E7A6E6200C46937 /* ZFPlayerModel.m in Sources */ = {isa = PBXBuildFile; fileRef = 3298EEE91E7A6E6200C46937 /* ZFPlayerModel.m */; };
		3298EEF81E7A6E6200C46937 /* ZFPlayerView.m in Sources */ = {isa = PBXBuildFile; fileRef = 3298EEEB1E7A6E6200C46937 /* ZFPlayerView.m */; };
		32DAE1D91E7B790F002441C7 /* PlayMusicViewController.swift in Sources */ = {isa = PBXBuildFile; fileRef = 32DAE1D81E7B790F002441C7 /* PlayMusicViewController.swift */; };
		32DAE1DB1E7B8A84002441C7 /* PlayTopView.swift in Sources */ = {isa = PBXBuildFile; fileRef = 32DAE1DA1E7B8A84002441C7 /* PlayTopView.swift */; };
		32DAE1DD1E7B8A95002441C7 /* PlayMiddleView.swift in Sources */ = {isa = PBXBuildFile; fileRef = 32DAE1DC1E7B8A95002441C7 /* PlayMiddleView.swift */; };
		32DAE1DF1E7B8AA7002441C7 /* PlayBottomView.swift in Sources */ = {isa = PBXBuildFile; fileRef = 32DAE1DE1E7B8AA7002441C7 /* PlayBottomView.swift */; };
		32DAE1E11E7BC258002441C7 /* MusicModel.swift in Sources */ = {isa = PBXBuildFile; fileRef = 32DAE1E01E7BC258002441C7 /* MusicModel.swift */; };
		32DAE1E41E7F7546002441C7 /* PlayMusicTool.swift in Sources */ = {isa = PBXBuildFile; fileRef = 32DAE1E31E7F7546002441C7 /* PlayMusicTool.swift */; };
		9E252F754B285944DEAF8532 /* Pods_WQDouShi.framework in Frameworks */ = {isa = PBXBuildFile; fileRef = 6F6D5D064547F518FD796F55 /* Pods_WQDouShi.framework */; };
/* End PBXBuildFile section */

/* Begin PBXContainerItemProxy section */
		3298EE151E79286900C46937 /* PBXContainerItemProxy */ = {
			isa = PBXContainerItemProxy;
			containerPortal = 3298EDF81E79286900C46937 /* Project object */;
			proxyType = 1;
			remoteGlobalIDString = 3298EDFF1E79286900C46937;
			remoteInfo = WQDouShi;
		};
		3298EE201E79286900C46937 /* PBXContainerItemProxy */ = {
			isa = PBXContainerItemProxy;
			containerPortal = 3298EDF81E79286900C46937 /* Project object */;
			proxyType = 1;
			remoteGlobalIDString = 3298EDFF1E79286900C46937;
			remoteInfo = WQDouShi;
		};
/* End PBXContainerItemProxy section */

/* Begin PBXFileReference section */
		1817CF5EA495A3A0ED62E086 /* Pods-WQDouShi.debug.xcconfig */ = {isa = PBXFileReference; includeInIndex = 1; lastKnownFileType = text.xcconfig; name = "Pods-WQDouShi.debug.xcconfig"; path = "Pods/Target Support Files/Pods-WQDouShi/Pods-WQDouShi.debug.xcconfig"; sourceTree = "<group>"; };
		3223290F1E8A58EF00F78DB1 /* WQDouShi-Bridging-Header.h */ = {isa = PBXFileReference; lastKnownFileType = sourcecode.c.h; path = "WQDouShi-Bridging-Header.h"; sourceTree = "<group>"; };
		3262FA481E8B904700C4F585 /* MineHeaderView.swift */ = {isa = PBXFileReference; fileEncoding = 4; lastKnownFileType = sourcecode.swift; path = MineHeaderView.swift; sourceTree = "<group>"; };
		329239EA1E821DF40037D638 /* videoData.json */ = {isa = PBXFileReference; fileEncoding = 4; lastKnownFileType = text.json; name = videoData.json; path = WQDouShi/videoData.json; sourceTree = SOURCE_ROOT; };
		329239EF1E821FDF0037D638 /* DiscoverTableViewCell.swift */ = {isa = PBXFileReference; fileEncoding = 4; lastKnownFileType = sourcecode.swift; path = DiscoverTableViewCell.swift; sourceTree = "<group>"; };
		329239F11E8220350037D638 /* VideoListModel.swift */ = {isa = PBXFileReference; fileEncoding = 4; lastKnownFileType = sourcecode.swift; path = VideoListModel.swift; sourceTree = "<group>"; };
		329239F31E82205D0037D638 /* VideoModel.swift */ = {isa = PBXFileReference; fileEncoding = 4; lastKnownFileType = sourcecode.swift; path = VideoModel.swift; sourceTree = "<group>"; };
		3298EE001E79286900C46937 /* WQDouShi.app */ = {isa = PBXFileReference; explicitFileType = wrapper.application; includeInIndex = 0; path = WQDouShi.app; sourceTree = BUILT_PRODUCTS_DIR; };
		3298EE031E79286900C46937 /* AppDelegate.swift */ = {isa = PBXFileReference; lastKnownFileType = sourcecode.swift; path = AppDelegate.swift; sourceTree = "<group>"; };
		3298EE051E79286900C46937 /* ViewController.swift */ = {isa = PBXFileReference; lastKnownFileType = sourcecode.swift; path = ViewController.swift; sourceTree = "<group>"; };
		3298EE081E79286900C46937 /* Base */ = {isa = PBXFileReference; lastKnownFileType = file.storyboard; name = Base; path = Base.lproj/Main.storyboard; sourceTree = "<group>"; };
		3298EE0A1E79286900C46937 /* Assets.xcassets */ = {isa = PBXFileReference; lastKnownFileType = folder.assetcatalog; path = Assets.xcassets; sourceTree = "<group>"; };
		3298EE0D1E79286900C46937 /* Base */ = {isa = PBXFileReference; lastKnownFileType = file.storyboard; name = Base; path = Base.lproj/LaunchScreen.storyboard; sourceTree = "<group>"; };
		3298EE0F1E79286900C46937 /* Info.plist */ = {isa = PBXFileReference; lastKnownFileType = text.plist.xml; path = Info.plist; sourceTree = "<group>"; };
		3298EE141E79286900C46937 /* WQDouShiTests.xctest */ = {isa = PBXFileReference; explicitFileType = wrapper.cfbundle; includeInIndex = 0; path = WQDouShiTests.xctest; sourceTree = BUILT_PRODUCTS_DIR; };
		3298EE181E79286900C46937 /* WQDouShiTests.swift */ = {isa = PBXFileReference; lastKnownFileType = sourcecode.swift; path = WQDouShiTests.swift; sourceTree = "<group>"; };
		3298EE1A1E79286900C46937 /* Info.plist */ = {isa = PBXFileReference; lastKnownFileType = text.plist.xml; path = Info.plist; sourceTree = "<group>"; };
		3298EE1F1E79286900C46937 /* WQDouShiUITests.xctest */ = {isa = PBXFileReference; explicitFileType = wrapper.cfbundle; includeInIndex = 0; path = WQDouShiUITests.xctest; sourceTree = BUILT_PRODUCTS_DIR; };
		3298EE231E79286900C46937 /* WQDouShiUITests.swift */ = {isa = PBXFileReference; lastKnownFileType = sourcecode.swift; path = WQDouShiUITests.swift; sourceTree = "<group>"; };
		3298EE251E79286900C46937 /* Info.plist */ = {isa = PBXFileReference; lastKnownFileType = text.plist.xml; path = Info.plist; sourceTree = "<group>"; };
		3298EE4A1E79335200C46937 /* DiscoverViewController.swift */ = {isa = PBXFileReference; fileEncoding = 4; lastKnownFileType = sourcecode.swift; path = DiscoverViewController.swift; sourceTree = "<group>"; };
		3298EE4C1E79336000C46937 /* HomeViewController.swift */ = {isa = PBXFileReference; fileEncoding = 4; lastKnownFileType = sourcecode.swift; path = HomeViewController.swift; sourceTree = "<group>"; };
		3298EE4E1E7933B300C46937 /* MainTabBarViewController.swift */ = {isa = PBXFileReference; fileEncoding = 4; lastKnownFileType = sourcecode.swift; path = MainTabBarViewController.swift; sourceTree = "<group>"; };
		3298EE501E7933D600C46937 /* BaseNavigationViewController.swift */ = {isa = PBXFileReference; fileEncoding = 4; lastKnownFileType = sourcecode.swift; path = BaseNavigationViewController.swift; sourceTree = "<group>"; };
		3298EE521E7933EA00C46937 /* MineViewController.swift */ = {isa = PBXFileReference; fileEncoding = 4; lastKnownFileType = sourcecode.swift; path = MineViewController.swift; sourceTree = "<group>"; };
		3298EE541E7933FF00C46937 /* MusicViewController.swift */ = {isa = PBXFileReference; fileEncoding = 4; lastKnownFileType = sourcecode.swift; path = MusicViewController.swift; sourceTree = "<group>"; };
		3298EE581E79365100C46937 /* Array+Extension.swift */ = {isa = PBXFileReference; fileEncoding = 4; lastKnownFileType = sourcecode.swift; path = "Array+Extension.swift"; sourceTree = "<group>"; };
		3298EE591E79365100C46937 /* CALayer+Extension.swift */ = {isa = PBXFileReference; fileEncoding = 4; lastKnownFileType = sourcecode.swift; path = "CALayer+Extension.swift"; sourceTree = "<group>"; };
		3298EE5A1E79365100C46937 /* NSObject+Extension.swift */ = {isa = PBXFileReference; fileEncoding = 4; lastKnownFileType = sourcecode.swift; path = "NSObject+Extension.swift"; sourceTree = "<group>"; };
		3298EE5C1E79365100C46937 /* UIBUtton+Extension.swift */ = {isa = PBXFileReference; fileEncoding = 4; lastKnownFileType = sourcecode.swift; path = "UIBUtton+Extension.swift"; sourceTree = "<group>"; };
		3298EE5D1E79365100C46937 /* UIColor+Extension.swift */ = {isa = PBXFileReference; fileEncoding = 4; lastKnownFileType = sourcecode.swift; path = "UIColor+Extension.swift"; sourceTree = "<group>"; };
		3298EE5E1E79365100C46937 /* UIImage+Extension.swift */ = {isa = PBXFileReference; fileEncoding = 4; lastKnownFileType = sourcecode.swift; path = "UIImage+Extension.swift"; sourceTree = "<group>"; };
		3298EE5F1E79365100C46937 /* UIImageView+Extension.swift */ = {isa = PBXFileReference; fileEncoding = 4; lastKnownFileType = sourcecode.swift; path = "UIImageView+Extension.swift"; sourceTree = "<group>"; };
		3298EE601E79365100C46937 /* UILabel+Extension.swift */ = {isa = PBXFileReference; fileEncoding = 4; lastKnownFileType = sourcecode.swift; path = "UILabel+Extension.swift"; sourceTree = "<group>"; };
		3298EE611E79365100C46937 /* UIView+Extension.swift */ = {isa = PBXFileReference; fileEncoding = 4; lastKnownFileType = sourcecode.swift; path = "UIView+Extension.swift"; sourceTree = "<group>"; };
		3298EE621E79365100C46937 /* UIViewController+Extension.swift */ = {isa = PBXFileReference; fileEncoding = 4; lastKnownFileType = sourcecode.swift; path = "UIViewController+Extension.swift"; sourceTree = "<group>"; };
		3298EE6F1E7936D200C46937 /* Constant.swift */ = {isa = PBXFileReference; fileEncoding = 4; lastKnownFileType = sourcecode.swift; path = Constant.swift; sourceTree = "<group>"; };
		3298EE711E793F6E00C46937 /* SongGroup.swift */ = {isa = PBXFileReference; fileEncoding = 4; lastKnownFileType = sourcecode.swift; path = SongGroup.swift; sourceTree = "<group>"; };
		3298EE731E793F7700C46937 /* Song.swift */ = {isa = PBXFileReference; fileEncoding = 4; lastKnownFileType = sourcecode.swift; path = Song.swift; sourceTree = "<group>"; };
		3298EE751E793F9200C46937 /* SongDetail.swift */ = {isa = PBXFileReference; fileEncoding = 4; lastKnownFileType = sourcecode.swift; path = SongDetail.swift; sourceTree = "<group>"; };
		3298EE771E79416E00C46937 /* MusicCollectionCell.swift */ = {isa = PBXFileReference; fileEncoding = 4; lastKnownFileType = sourcecode.swift; path = MusicCollectionCell.swift; sourceTree = "<group>"; };
		3298EE7A1E79438400C46937 /* NetWorkTool.swift */ = {isa = PBXFileReference; fileEncoding = 4; lastKnownFileType = sourcecode.swift; path = NetWorkTool.swift; sourceTree = "<group>"; };
		3298EECB1E7A6A8700C46937 /* MusicListTableViewController.swift */ = {isa = PBXFileReference; fileEncoding = 4; lastKnownFileType = sourcecode.swift; path = MusicListTableViewController.swift; sourceTree = "<group>"; };
		3298EECD1E7A6BC100C46937 /* MusicListTableViewCell.swift */ = {isa = PBXFileReference; fileEncoding = 4; lastKnownFileType = sourcecode.swift; path = MusicListTableViewCell.swift; sourceTree = "<group>"; };
		3298EED01E7A6E6200C46937 /* ASValuePopUpView.h */ = {isa = PBXFileReference; fileEncoding = 4; lastKnownFileType = sourcecode.c.h; path = ASValuePopUpView.h; sourceTree = "<group>"; };
		3298EED11E7A6E6200C46937 /* ASValuePopUpView.m */ = {isa = PBXFileReference; fileEncoding = 4; lastKnownFileType = sourcecode.c.objc; path = ASValuePopUpView.m; sourceTree = "<group>"; };
		3298EED21E7A6E6200C46937 /* ASValueTrackingSlider.h */ = {isa = PBXFileReference; fileEncoding = 4; lastKnownFileType = sourcecode.c.h; path = ASValueTrackingSlider.h; sourceTree = "<group>"; };
		3298EED31E7A6E6200C46937 /* ASValueTrackingSlider.m */ = {isa = PBXFileReference; fileEncoding = 4; lastKnownFileType = sourcecode.c.objc; path = ASValueTrackingSlider.m; sourceTree = "<group>"; };
		3298EED51E7A6E6200C46937 /* UIImageView+ZFCache.h */ = {isa = PBXFileReference; fileEncoding = 4; lastKnownFileType = sourcecode.c.h; path = "UIImageView+ZFCache.h"; sourceTree = "<group>"; };
		3298EED61E7A6E6200C46937 /* UIImageView+ZFCache.m */ = {isa = PBXFileReference; fileEncoding = 4; lastKnownFileType = sourcecode.c.objc; path = "UIImageView+ZFCache.m"; sourceTree = "<group>"; };
		3298EED71E7A6E6200C46937 /* UINavigationController+ZFPlayerRotation.h */ = {isa = PBXFileReference; fileEncoding = 4; lastKnownFileType = sourcecode.c.h; path = "UINavigationController+ZFPlayerRotation.h"; sourceTree = "<group>"; };
		3298EED81E7A6E6200C46937 /* UINavigationController+ZFPlayerRotation.m */ = {isa = PBXFileReference; fileEncoding = 4; lastKnownFileType = sourcecode.c.objc; path = "UINavigationController+ZFPlayerRotation.m"; sourceTree = "<group>"; };
		3298EED91E7A6E6200C46937 /* UITabBarController+ZFPlayerRotation.h */ = {isa = PBXFileReference; fileEncoding = 4; lastKnownFileType = sourcecode.c.h; path = "UITabBarController+ZFPlayerRotation.h"; sourceTree = "<group>"; };
		3298EEDA1E7A6E6200C46937 /* UITabBarController+ZFPlayerRotation.m */ = {isa = PBXFileReference; fileEncoding = 4; lastKnownFileType = sourcecode.c.objc; path = "UITabBarController+ZFPlayerRotation.m"; sourceTree = "<group>"; };
		3298EEDB1E7A6E6200C46937 /* UIView+CustomControlView.h */ = {isa = PBXFileReference; fileEncoding = 4; lastKnownFileType = sourcecode.c.h; path = "UIView+CustomControlView.h"; sourceTree = "<group>"; };
		3298EEDC1E7A6E6200C46937 /* UIView+CustomControlView.m */ = {isa = PBXFileReference; fileEncoding = 4; lastKnownFileType = sourcecode.c.objc; path = "UIView+CustomControlView.m"; sourceTree = "<group>"; };
		3298EEDD1E7A6E6200C46937 /* UIViewController+ZFPlayerRotation.h */ = {isa = PBXFileReference; fileEncoding = 4; lastKnownFileType = sourcecode.c.h; path = "UIViewController+ZFPlayerRotation.h"; sourceTree = "<group>"; };
		3298EEDE1E7A6E6200C46937 /* UIViewController+ZFPlayerRotation.m */ = {isa = PBXFileReference; fileEncoding = 4; lastKnownFileType = sourcecode.c.objc; path = "UIViewController+ZFPlayerRotation.m"; sourceTree = "<group>"; };
		3298EEDF1E7A6E6200C46937 /* MMMaterialDesignSpinner.h */ = {isa = PBXFileReference; fileEncoding = 4; lastKnownFileType = sourcecode.c.h; path = MMMaterialDesignSpinner.h; sourceTree = "<group>"; };
		3298EEE01E7A6E6200C46937 /* MMMaterialDesignSpinner.m */ = {isa = PBXFileReference; fileEncoding = 4; lastKnownFileType = sourcecode.c.objc; path = MMMaterialDesignSpinner.m; sourceTree = "<group>"; };
		3298EEE11E7A6E6200C46937 /* ZFBrightnessView.h */ = {isa = PBXFileReference; fileEncoding = 4; lastKnownFileType = sourcecode.c.h; path = ZFBrightnessView.h; sourceTree = "<group>"; };
		3298EEE21E7A6E6200C46937 /* ZFBrightnessView.m */ = {isa = PBXFileReference; fileEncoding = 4; lastKnownFileType = sourcecode.c.objc; path = ZFBrightnessView.m; sourceTree = "<group>"; };
		3298EEE31E7A6E6200C46937 /* ZFPlayer.bundle */ = {isa = PBXFileReference; lastKnownFileType = "wrapper.plug-in"; path = ZFPlayer.bundle; sourceTree = "<group>"; };
		3298EEE41E7A6E6200C46937 /* ZFPlayer.h */ = {isa = PBXFileReference; fileEncoding = 4; lastKnownFileType = sourcecode.c.h; path = ZFPlayer.h; sourceTree = "<group>"; };
		3298EEE51E7A6E6200C46937 /* ZFPlayerControlView.h */ = {isa = PBXFileReference; fileEncoding = 4; lastKnownFileType = sourcecode.c.h; path = ZFPlayerControlView.h; sourceTree = "<group>"; };
		3298EEE61E7A6E6200C46937 /* ZFPlayerControlView.m */ = {isa = PBXFileReference; fileEncoding = 4; lastKnownFileType = sourcecode.c.objc; path = ZFPlayerControlView.m; sourceTree = "<group>"; };
		3298EEE71E7A6E6200C46937 /* ZFPlayerControlViewDelegate.h */ = {isa = PBXFileReference; fileEncoding = 4; lastKnownFileType = sourcecode.c.h; path = ZFPlayerControlViewDelegate.h; sourceTree = "<group>"; };
		3298EEE81E7A6E6200C46937 /* ZFPlayerModel.h */ = {isa = PBXFileReference; fileEncoding = 4; lastKnownFileType = sourcecode.c.h; path = ZFPlayerModel.h; sourceTree = "<group>"; };
		3298EEE91E7A6E6200C46937 /* ZFPlayerModel.m */ = {isa = PBXFileReference; fileEncoding = 4; lastKnownFileType = sourcecode.c.objc; path = ZFPlayerModel.m; sourceTree = "<group>"; };
		3298EEEA1E7A6E6200C46937 /* ZFPlayerView.h */ = {isa = PBXFileReference; fileEncoding = 4; lastKnownFileType = sourcecode.c.h; path = ZFPlayerView.h; sourceTree = "<group>"; };
		3298EEEB1E7A6E6200C46937 /* ZFPlayerView.m */ = {isa = PBXFileReference; fileEncoding = 4; lastKnownFileType = sourcecode.c.objc; path = ZFPlayerView.m; sourceTree = "<group>"; };
		32DAE1D81E7B790F002441C7 /* PlayMusicViewController.swift */ = {isa = PBXFileReference; fileEncoding = 4; lastKnownFileType = sourcecode.swift; path = PlayMusicViewController.swift; sourceTree = "<group>"; };
		32DAE1DA1E7B8A84002441C7 /* PlayTopView.swift */ = {isa = PBXFileReference; fileEncoding = 4; lastKnownFileType = sourcecode.swift; path = PlayTopView.swift; sourceTree = "<group>"; };
		32DAE1DC1E7B8A95002441C7 /* PlayMiddleView.swift */ = {isa = PBXFileReference; fileEncoding = 4; lastKnownFileType = sourcecode.swift; path = PlayMiddleView.swift; sourceTree = "<group>"; };
		32DAE1DE1E7B8AA7002441C7 /* PlayBottomView.swift */ = {isa = PBXFileReference; fileEncoding = 4; lastKnownFileType = sourcecode.swift; path = PlayBottomView.swift; sourceTree = "<group>"; };
		32DAE1E01E7BC258002441C7 /* MusicModel.swift */ = {isa = PBXFileReference; fileEncoding = 4; lastKnownFileType = sourcecode.swift; path = MusicModel.swift; sourceTree = "<group>"; };
		32DAE1E31E7F7546002441C7 /* PlayMusicTool.swift */ = {isa = PBXFileReference; fileEncoding = 4; lastKnownFileType = sourcecode.swift; path = PlayMusicTool.swift; sourceTree = "<group>"; };
		6F6D5D064547F518FD796F55 /* Pods_WQDouShi.framework */ = {isa = PBXFileReference; explicitFileType = wrapper.framework; includeInIndex = 0; path = Pods_WQDouShi.framework; sourceTree = BUILT_PRODUCTS_DIR; };
		D01288642126705866D75930 /* Pods-WQDouShi.release.xcconfig */ = {isa = PBXFileReference; includeInIndex = 1; lastKnownFileType = text.xcconfig; name = "Pods-WQDouShi.release.xcconfig"; path = "Pods/Target Support Files/Pods-WQDouShi/Pods-WQDouShi.release.xcconfig"; sourceTree = "<group>"; };
/* End PBXFileReference section */

/* Begin PBXFrameworksBuildPhase section */
		3298EDFD1E79286900C46937 /* Frameworks */ = {
			isa = PBXFrameworksBuildPhase;
			buildActionMask = 2147483647;
			files = (
				9E252F754B285944DEAF8532 /* Pods_WQDouShi.framework in Frameworks */,
			);
			runOnlyForDeploymentPostprocessing = 0;
		};
		3298EE111E79286900C46937 /* Frameworks */ = {
			isa = PBXFrameworksBuildPhase;
			buildActionMask = 2147483647;
			files = (
			);
			runOnlyForDeploymentPostprocessing = 0;
		};
		3298EE1C1E79286900C46937 /* Frameworks */ = {
			isa = PBXFrameworksBuildPhase;
			buildActionMask = 2147483647;
			files = (
			);
			runOnlyForDeploymentPostprocessing = 0;
		};
/* End PBXFrameworksBuildPhase section */

/* Begin PBXGroup section */
		06401D6B4FB550CD9A1EC709 /* Pods */ = {
			isa = PBXGroup;
			children = (
				1817CF5EA495A3A0ED62E086 /* Pods-WQDouShi.debug.xcconfig */,
				D01288642126705866D75930 /* Pods-WQDouShi.release.xcconfig */,
			);
			name = Pods;
			sourceTree = "<group>";
		};
		3298EDF71E79286900C46937 = {
			isa = PBXGroup;
			children = (
				3298EE021E79286900C46937 /* WQDouShi */,
				3298EE171E79286900C46937 /* WQDouShiTests */,
				3298EE221E79286900C46937 /* WQDouShiUITests */,
				3298EE011E79286900C46937 /* Products */,
				06401D6B4FB550CD9A1EC709 /* Pods */,
				5B57D3F3487E82BAD708E067 /* Frameworks */,
			);
			sourceTree = "<group>";
		};
		3298EE011E79286900C46937 /* Products */ = {
			isa = PBXGroup;
			children = (
				3298EE001E79286900C46937 /* WQDouShi.app */,
				3298EE141E79286900C46937 /* WQDouShiTests.xctest */,
				3298EE1F1E79286900C46937 /* WQDouShiUITests.xctest */,
			);
			name = Products;
			sourceTree = "<group>";
		};
		3298EE021E79286900C46937 /* WQDouShi */ = {
			isa = PBXGroup;
			children = (
				3298EE791E79436900C46937 /* Tool */,
				3298EE561E79365100C46937 /* Extesion */,
				3298EE631E79365100C46937 /* Third Party */,
				3298EE311E7930F800C46937 /* Discover */,
				3298EE361E7930F800C46937 /* Home */,
				3298EE3B1E7930F800C46937 /* Main */,
				3298EE401E7930F800C46937 /* Mine */,
				3298EE451E7930F800C46937 /* Music */,
				3298EE031E79286900C46937 /* AppDelegate.swift */,
				3298EE051E79286900C46937 /* ViewController.swift */,
				3298EE071E79286900C46937 /* Main.storyboard */,
				3298EE0A1E79286900C46937 /* Assets.xcassets */,
				3298EE0C1E79286900C46937 /* LaunchScreen.storyboard */,
				329239EA1E821DF40037D638 /* videoData.json */,
				3298EE0F1E79286900C46937 /* Info.plist */,
				3223290F1E8A58EF00F78DB1 /* WQDouShi-Bridging-Header.h */,
			);
			path = WQDouShi;
			sourceTree = "<group>";
		};
		3298EE171E79286900C46937 /* WQDouShiTests */ = {
			isa = PBXGroup;
			children = (
				3298EE181E79286900C46937 /* WQDouShiTests.swift */,
				3298EE1A1E79286900C46937 /* Info.plist */,
			);
			path = WQDouShiTests;
			sourceTree = "<group>";
		};
		3298EE221E79286900C46937 /* WQDouShiUITests */ = {
			isa = PBXGroup;
			children = (
				3298EE231E79286900C46937 /* WQDouShiUITests.swift */,
				3298EE251E79286900C46937 /* Info.plist */,
			);
			path = WQDouShiUITests;
			sourceTree = "<group>";
		};
		3298EE311E7930F800C46937 /* Discover */ = {
			isa = PBXGroup;
			children = (
				3298EE321E7930F800C46937 /* Controller */,
				3298EE331E7930F800C46937 /* Model */,
				3298EE341E7930F800C46937 /* View */,
				3298EE351E7930F800C46937 /* ViewModel */,
			);
			path = Discover;
			sourceTree = "<group>";
		};
		3298EE321E7930F800C46937 /* Controller */ = {
			isa = PBXGroup;
			children = (
				3298EE4A1E79335200C46937 /* DiscoverViewController.swift */,
			);
			path = Controller;
			sourceTree = "<group>";
		};
		3298EE331E7930F800C46937 /* Model */ = {
			isa = PBXGroup;
			children = (
				329239F11E8220350037D638 /* VideoListModel.swift */,
				329239F31E82205D0037D638 /* VideoModel.swift */,
			);
			path = Model;
			sourceTree = "<group>";
		};
		3298EE341E7930F800C46937 /* View */ = {
			isa = PBXGroup;
			children = (
				329239EF1E821FDF0037D638 /* DiscoverTableViewCell.swift */,
			);
			path = View;
			sourceTree = "<group>";
		};
		3298EE351E7930F800C46937 /* ViewModel */ = {
			isa = PBXGroup;
			children = (
			);
			path = ViewModel;
			sourceTree = "<group>";
		};
		3298EE361E7930F800C46937 /* Home */ = {
			isa = PBXGroup;
			children = (
				3298EE371E7930F800C46937 /* Controller */,
				3298EE381E7930F800C46937 /* Model */,
				3298EE391E7930F800C46937 /* View */,
				3298EE3A1E7930F800C46937 /* ViewModel */,
			);
			path = Home;
			sourceTree = "<group>";
		};
		3298EE371E7930F800C46937 /* Controller */ = {
			isa = PBXGroup;
			children = (
				3298EE4C1E79336000C46937 /* HomeViewController.swift */,
			);
			path = Controller;
			sourceTree = "<group>";
		};
		3298EE381E7930F800C46937 /* Model */ = {
			isa = PBXGroup;
			children = (
			);
			path = Model;
			sourceTree = "<group>";
		};
		3298EE391E7930F800C46937 /* View */ = {
			isa = PBXGroup;
			children = (
			);
			path = View;
			sourceTree = "<group>";
		};
		3298EE3A1E7930F800C46937 /* ViewModel */ = {
			isa = PBXGroup;
			children = (
			);
			path = ViewModel;
			sourceTree = "<group>";
		};
		3298EE3B1E7930F800C46937 /* Main */ = {
			isa = PBXGroup;
			children = (
				3298EE3C1E7930F800C46937 /* Controller */,
				3298EE3D1E7930F800C46937 /* Model */,
				3298EE3E1E7930F800C46937 /* View */,
				3298EE3F1E7930F800C46937 /* ViewModel */,
			);
			path = Main;
			sourceTree = "<group>";
		};
		3298EE3C1E7930F800C46937 /* Controller */ = {
			isa = PBXGroup;
			children = (
				3298EE4E1E7933B300C46937 /* MainTabBarViewController.swift */,
				3298EE501E7933D600C46937 /* BaseNavigationViewController.swift */,
			);
			path = Controller;
			sourceTree = "<group>";
		};
		3298EE3D1E7930F800C46937 /* Model */ = {
			isa = PBXGroup;
			children = (
			);
			path = Model;
			sourceTree = "<group>";
		};
		3298EE3E1E7930F800C46937 /* View */ = {
			isa = PBXGroup;
			children = (
			);
			path = View;
			sourceTree = "<group>";
		};
		3298EE3F1E7930F800C46937 /* ViewModel */ = {
			isa = PBXGroup;
			children = (
			);
			path = ViewModel;
			sourceTree = "<group>";
		};
		3298EE401E7930F800C46937 /* Mine */ = {
			isa = PBXGroup;
			children = (
				3298EE411E7930F800C46937 /* Controller */,
				3298EE421E7930F800C46937 /* Model */,
				3298EE431E7930F800C46937 /* View */,
				3298EE441E7930F800C46937 /* ViewModel */,
			);
			path = Mine;
			sourceTree = "<group>";
		};
		3298EE411E7930F800C46937 /* Controller */ = {
			isa = PBXGroup;
			children = (
				3298EE521E7933EA00C46937 /* MineViewController.swift */,
			);
			path = Controller;
			sourceTree = "<group>";
		};
		3298EE421E7930F800C46937 /* Model */ = {
			isa = PBXGroup;
			children = (
			);
			path = Model;
			sourceTree = "<group>";
		};
		3298EE431E7930F800C46937 /* View */ = {
			isa = PBXGroup;
			children = (
				3262FA481E8B904700C4F585 /* MineHeaderView.swift */,
			);
			path = View;
			sourceTree = "<group>";
		};
		3298EE441E7930F800C46937 /* ViewModel */ = {
			isa = PBXGroup;
			children = (
			);
			path = ViewModel;
			sourceTree = "<group>";
		};
		3298EE451E7930F800C46937 /* Music */ = {
			isa = PBXGroup;
			children = (
				32DAE1E21E7F7523002441C7 /* Tool */,
				3298EE461E7930F800C46937 /* Controller */,
				3298EE471E7930F800C46937 /* Model */,
				3298EE481E7930F800C46937 /* View */,
				3298EE491E7930F800C46937 /* ViewModel */,
			);
			path = Music;
			sourceTree = "<group>";
		};
		3298EE461E7930F800C46937 /* Controller */ = {
			isa = PBXGroup;
			children = (
				3298EE541E7933FF00C46937 /* MusicViewController.swift */,
				3298EECB1E7A6A8700C46937 /* MusicListTableViewController.swift */,
				32DAE1D81E7B790F002441C7 /* PlayMusicViewController.swift */,
			);
			path = Controller;
			sourceTree = "<group>";
		};
		3298EE471E7930F800C46937 /* Model */ = {
			isa = PBXGroup;
			children = (
				3298EE711E793F6E00C46937 /* SongGroup.swift */,
				3298EE731E793F7700C46937 /* Song.swift */,
				3298EE751E793F9200C46937 /* SongDetail.swift */,
				32DAE1E01E7BC258002441C7 /* MusicModel.swift */,
			);
			path = Model;
			sourceTree = "<group>";
		};
		3298EE481E7930F800C46937 /* View */ = {
			isa = PBXGroup;
			children = (
				3298EE771E79416E00C46937 /* MusicCollectionCell.swift */,
				3298EECD1E7A6BC100C46937 /* MusicListTableViewCell.swift */,
				32DAE1DA1E7B8A84002441C7 /* PlayTopView.swift */,
				32DAE1DC1E7B8A95002441C7 /* PlayMiddleView.swift */,
				32DAE1DE1E7B8AA7002441C7 /* PlayBottomView.swift */,
			);
			path = View;
			sourceTree = "<group>";
		};
		3298EE491E7930F800C46937 /* ViewModel */ = {
			isa = PBXGroup;
			children = (
			);
			path = ViewModel;
			sourceTree = "<group>";
		};
		3298EE561E79365100C46937 /* Extesion */ = {
			isa = PBXGroup;
			children = (
				3298EE6F1E7936D200C46937 /* Constant.swift */,
				3298EE571E79365100C46937 /* Category(扩展) */,
			);
			path = Extesion;
			sourceTree = "<group>";
		};
		3298EE571E79365100C46937 /* Category(扩展) */ = {
			isa = PBXGroup;
			children = (
				3298EE581E79365100C46937 /* Array+Extension.swift */,
				3298EE591E79365100C46937 /* CALayer+Extension.swift */,
				3298EE5A1E79365100C46937 /* NSObject+Extension.swift */,
				3298EE5C1E79365100C46937 /* UIBUtton+Extension.swift */,
				3298EE5D1E79365100C46937 /* UIColor+Extension.swift */,
				3298EE5E1E79365100C46937 /* UIImage+Extension.swift */,
				3298EE5F1E79365100C46937 /* UIImageView+Extension.swift */,
				3298EE601E79365100C46937 /* UILabel+Extension.swift */,
				3298EE611E79365100C46937 /* UIView+Extension.swift */,
				3298EE621E79365100C46937 /* UIViewController+Extension.swift */,
			);
			path = "Category(扩展)";
			sourceTree = "<group>";
		};
		3298EE631E79365100C46937 /* Third Party */ = {
			isa = PBXGroup;
			children = (
				3298EECF1E7A6E6200C46937 /* ZFPlayer */,
			);
			path = "Third Party";
			sourceTree = "<group>";
		};
		3298EE791E79436900C46937 /* Tool */ = {
			isa = PBXGroup;
			children = (
				3298EE7A1E79438400C46937 /* NetWorkTool.swift */,
			);
			path = Tool;
			sourceTree = "<group>";
		};
		3298EECF1E7A6E6200C46937 /* ZFPlayer */ = {
			isa = PBXGroup;
			children = (
				3298EED01E7A6E6200C46937 /* ASValuePopUpView.h */,
				3298EED11E7A6E6200C46937 /* ASValuePopUpView.m */,
				3298EED21E7A6E6200C46937 /* ASValueTrackingSlider.h */,
				3298EED31E7A6E6200C46937 /* ASValueTrackingSlider.m */,
				3298EED41E7A6E6200C46937 /* Category */,
				3298EEDF1E7A6E6200C46937 /* MMMaterialDesignSpinner.h */,
				3298EEE01E7A6E6200C46937 /* MMMaterialDesignSpinner.m */,
				3298EEE11E7A6E6200C46937 /* ZFBrightnessView.h */,
				3298EEE21E7A6E6200C46937 /* ZFBrightnessView.m */,
				3298EEE31E7A6E6200C46937 /* ZFPlayer.bundle */,
				3298EEE41E7A6E6200C46937 /* ZFPlayer.h */,
				3298EEE51E7A6E6200C46937 /* ZFPlayerControlView.h */,
				3298EEE61E7A6E6200C46937 /* ZFPlayerControlView.m */,
				3298EEE71E7A6E6200C46937 /* ZFPlayerControlViewDelegate.h */,
				3298EEE81E7A6E6200C46937 /* ZFPlayerModel.h */,
				3298EEE91E7A6E6200C46937 /* ZFPlayerModel.m */,
				3298EEEA1E7A6E6200C46937 /* ZFPlayerView.h */,
				3298EEEB1E7A6E6200C46937 /* ZFPlayerView.m */,
			);
			path = ZFPlayer;
			sourceTree = "<group>";
		};
		3298EED41E7A6E6200C46937 /* Category */ = {
			isa = PBXGroup;
			children = (
				3298EED51E7A6E6200C46937 /* UIImageView+ZFCache.h */,
				3298EED61E7A6E6200C46937 /* UIImageView+ZFCache.m */,
				3298EED71E7A6E6200C46937 /* UINavigationController+ZFPlayerRotation.h */,
				3298EED81E7A6E6200C46937 /* UINavigationController+ZFPlayerRotation.m */,
				3298EED91E7A6E6200C46937 /* UITabBarController+ZFPlayerRotation.h */,
				3298EEDA1E7A6E6200C46937 /* UITabBarController+ZFPlayerRotation.m */,
				3298EEDB1E7A6E6200C46937 /* UIView+CustomControlView.h */,
				3298EEDC1E7A6E6200C46937 /* UIView+CustomControlView.m */,
				3298EEDD1E7A6E6200C46937 /* UIViewController+ZFPlayerRotation.h */,
				3298EEDE1E7A6E6200C46937 /* UIViewController+ZFPlayerRotation.m */,
			);
			path = Category;
			sourceTree = "<group>";
		};
		32DAE1E21E7F7523002441C7 /* Tool */ = {
			isa = PBXGroup;
			children = (
				32DAE1E31E7F7546002441C7 /* PlayMusicTool.swift */,
			);
			path = Tool;
			sourceTree = "<group>";
		};
		5B57D3F3487E82BAD708E067 /* Frameworks */ = {
			isa = PBXGroup;
			children = (
				6F6D5D064547F518FD796F55 /* Pods_WQDouShi.framework */,
			);
			name = Frameworks;
			sourceTree = "<group>";
		};
/* End PBXGroup section */

/* Begin PBXNativeTarget section */
		3298EDFF1E79286900C46937 /* WQDouShi */ = {
			isa = PBXNativeTarget;
			buildConfigurationList = 3298EE281E79286900C46937 /* Build configuration list for PBXNativeTarget "WQDouShi" */;
			buildPhases = (
				4D832F437FFBD49B152BB69B /* [CP] Check Pods Manifest.lock */,
				3298EDFC1E79286900C46937 /* Sources */,
				3298EDFD1E79286900C46937 /* Frameworks */,
				3298EDFE1E79286900C46937 /* Resources */,
				2BC650FCC7E29FF6CE2D5F22 /* [CP] Embed Pods Frameworks */,
				9B79284175A006EC7B30EE16 /* [CP] Copy Pods Resources */,
			);
			buildRules = (
			);
			dependencies = (
			);
			name = WQDouShi;
			productName = WQDouShi;
			productReference = 3298EE001E79286900C46937 /* WQDouShi.app */;
			productType = "com.apple.product-type.application";
		};
		3298EE131E79286900C46937 /* WQDouShiTests */ = {
			isa = PBXNativeTarget;
			buildConfigurationList = 3298EE2B1E79286900C46937 /* Build configuration list for PBXNativeTarget "WQDouShiTests" */;
			buildPhases = (
				3298EE101E79286900C46937 /* Sources */,
				3298EE111E79286900C46937 /* Frameworks */,
				3298EE121E79286900C46937 /* Resources */,
			);
			buildRules = (
			);
			dependencies = (
				3298EE161E79286900C46937 /* PBXTargetDependency */,
			);
			name = WQDouShiTests;
			productName = WQDouShiTests;
			productReference = 3298EE141E79286900C46937 /* WQDouShiTests.xctest */;
			productType = "com.apple.product-type.bundle.unit-test";
		};
		3298EE1E1E79286900C46937 /* WQDouShiUITests */ = {
			isa = PBXNativeTarget;
			buildConfigurationList = 3298EE2E1E79286900C46937 /* Build configuration list for PBXNativeTarget "WQDouShiUITests" */;
			buildPhases = (
				3298EE1B1E79286900C46937 /* Sources */,
				3298EE1C1E79286900C46937 /* Frameworks */,
				3298EE1D1E79286900C46937 /* Resources */,
			);
			buildRules = (
			);
			dependencies = (
				3298EE211E79286900C46937 /* PBXTargetDependency */,
			);
			name = WQDouShiUITests;
			productName = WQDouShiUITests;
			productReference = 3298EE1F1E79286900C46937 /* WQDouShiUITests.xctest */;
			productType = "com.apple.product-type.bundle.ui-testing";
		};
/* End PBXNativeTarget section */

/* Begin PBXProject section */
		3298EDF81E79286900C46937 /* Project object */ = {
			isa = PBXProject;
			attributes = {
				LastSwiftUpdateCheck = 0820;
				LastUpgradeCheck = 0820;
				ORGANIZATIONNAME = yoke121;
				TargetAttributes = {
					3298EDFF1E79286900C46937 = {
						CreatedOnToolsVersion = 8.2.1;
						DevelopmentTeam = A7BGJVPH4B;
						ProvisioningStyle = Automatic;
					};
					3298EE131E79286900C46937 = {
						CreatedOnToolsVersion = 8.2.1;
						ProvisioningStyle = Automatic;
						TestTargetID = 3298EDFF1E79286900C46937;
					};
					3298EE1E1E79286900C46937 = {
						CreatedOnToolsVersion = 8.2.1;
						ProvisioningStyle = Automatic;
						TestTargetID = 3298EDFF1E79286900C46937;
					};
				};
			};
			buildConfigurationList = 3298EDFB1E79286900C46937 /* Build configuration list for PBXProject "WQDouShi" */;
			compatibilityVersion = "Xcode 3.2";
			developmentRegion = English;
			hasScannedForEncodings = 0;
			knownRegions = (
				en,
				Base,
			);
			mainGroup = 3298EDF71E79286900C46937;
			productRefGroup = 3298EE011E79286900C46937 /* Products */;
			projectDirPath = "";
			projectRoot = "";
			targets = (
				3298EDFF1E79286900C46937 /* WQDouShi */,
				3298EE131E79286900C46937 /* WQDouShiTests */,
				3298EE1E1E79286900C46937 /* WQDouShiUITests */,
			);
		};
/* End PBXProject section */

/* Begin PBXResourcesBuildPhase section */
		3298EDFE1E79286900C46937 /* Resources */ = {
			isa = PBXResourcesBuildPhase;
			buildActionMask = 2147483647;
			files = (
				3298EEF51E7A6E6200C46937 /* ZFPlayer.bundle in Resources */,
				3298EE0E1E79286900C46937 /* LaunchScreen.storyboard in Resources */,
				3298EE0B1E79286900C46937 /* Assets.xcassets in Resources */,
				329239EB1E821DF40037D638 /* videoData.json in Resources */,
				3298EE091E79286900C46937 /* Main.storyboard in Resources */,
			);
			runOnlyForDeploymentPostprocessing = 0;
		};
		3298EE121E79286900C46937 /* Resources */ = {
			isa = PBXResourcesBuildPhase;
			buildActionMask = 2147483647;
			files = (
			);
			runOnlyForDeploymentPostprocessing = 0;
		};
		3298EE1D1E79286900C46937 /* Resources */ = {
			isa = PBXResourcesBuildPhase;
			buildActionMask = 2147483647;
			files = (
			);
			runOnlyForDeploymentPostprocessing = 0;
		};
/* End PBXResourcesBuildPhase section */

/* Begin PBXShellScriptBuildPhase section */
		2BC650FCC7E29FF6CE2D5F22 /* [CP] Embed Pods Frameworks */ = {
			isa = PBXShellScriptBuildPhase;
			buildActionMask = 2147483647;
			files = (
			);
			inputPaths = (
			);
			name = "[CP] Embed Pods Frameworks";
			outputPaths = (
			);
			runOnlyForDeploymentPostprocessing = 0;
			shellPath = /bin/sh;
			shellScript = "\"${SRCROOT}/Pods/Target Support Files/Pods-WQDouShi/Pods-WQDouShi-frameworks.sh\"\n";
			showEnvVarsInLog = 0;
		};
		4D832F437FFBD49B152BB69B /* [CP] Check Pods Manifest.lock */ = {
			isa = PBXShellScriptBuildPhase;
			buildActionMask = 2147483647;
			files = (
			);
			inputPaths = (
			);
			name = "[CP] Check Pods Manifest.lock";
			outputPaths = (
			);
			runOnlyForDeploymentPostprocessing = 0;
			shellPath = /bin/sh;
			shellScript = "diff \"${PODS_ROOT}/../Podfile.lock\" \"${PODS_ROOT}/Manifest.lock\" > /dev/null\nif [ $? != 0 ] ; then\n    # print error to STDERR\n    echo \"error: The sandbox is not in sync with the Podfile.lock. Run 'pod install' or update your CocoaPods installation.\" >&2\n    exit 1\nfi\n";
			showEnvVarsInLog = 0;
		};
		9B79284175A006EC7B30EE16 /* [CP] Copy Pods Resources */ = {
			isa = PBXShellScriptBuildPhase;
			buildActionMask = 2147483647;
			files = (
			);
			inputPaths = (
			);
			name = "[CP] Copy Pods Resources";
			outputPaths = (
			);
			runOnlyForDeploymentPostprocessing = 0;
			shellPath = /bin/sh;
			shellScript = "\"${SRCROOT}/Pods/Target Support Files/Pods-WQDouShi/Pods-WQDouShi-resources.sh\"\n";
			showEnvVarsInLog = 0;
		};
/* End PBXShellScriptBuildPhase section */

/* Begin PBXSourcesBuildPhase section */
		3298EDFC1E79286900C46937 /* Sources */ = {
			isa = PBXSourcesBuildPhase;
			buildActionMask = 2147483647;
			files = (
				322329091E8A55FD00F78DB1 /* ZFPlayer.h in Sources */,
				3223290A1E8A55FD00F78DB1 /* ZFPlayerControlView.h in Sources */,
				3223290B1E8A55FD00F78DB1 /* ZFPlayerControlViewDelegate.h in Sources */,
				3223290C1E8A55FD00F78DB1 /* ZFPlayerModel.h in Sources */,
				3223290D1E8A55FD00F78DB1 /* ZFPlayerView.h in Sources */,
				3298EE741E793F7700C46937 /* Song.swift in Sources */,
				3298EE6C1E79365100C46937 /* UILabel+Extension.swift in Sources */,
				3298EE681E79365100C46937 /* UIBUtton+Extension.swift in Sources */,
				3298EE4F1E7933B300C46937 /* MainTabBarViewController.swift in Sources */,
				3298EEEF1E7A6E6200C46937 /* UINavigationController+ZFPlayerRotation.m in Sources */,
				3298EEF71E7A6E6200C46937 /* ZFPlayerModel.m in Sources */,
				329239F41E82205D0037D638 /* VideoModel.swift in Sources */,
				3298EE4B1E79335200C46937 /* DiscoverViewController.swift in Sources */,
				32DAE1DD1E7B8A95002441C7 /* PlayMiddleView.swift in Sources */,
				3298EE061E79286900C46937 /* ViewController.swift in Sources */,
				3298EE651E79365100C46937 /* CALayer+Extension.swift in Sources */,
				3298EEF01E7A6E6200C46937 /* UITabBarController+ZFPlayerRotation.m in Sources */,
				329239F01E821FDF0037D638 /* DiscoverTableViewCell.swift in Sources */,
				32DAE1D91E7B790F002441C7 /* PlayMusicViewController.swift in Sources */,
				3298EECE1E7A6BC100C46937 /* MusicListTableViewCell.swift in Sources */,
				3298EEEC1E7A6E6200C46937 /* ASValuePopUpView.m in Sources */,
				3298EE781E79416E00C46937 /* MusicCollectionCell.swift in Sources */,
				3298EEF31E7A6E6200C46937 /* MMMaterialDesignSpinner.m in Sources */,
				3298EE661E79365100C46937 /* NSObject+Extension.swift in Sources */,
				3298EE6E1E79365100C46937 /* UIViewController+Extension.swift in Sources */,
				3298EE701E7936D200C46937 /* Constant.swift in Sources */,
				3298EEEE1E7A6E6200C46937 /* UIImageView+ZFCache.m in Sources */,
				3298EEF61E7A6E6200C46937 /* ZFPlayerControlView.m in Sources */,
				3262FA491E8B904700C4F585 /* MineHeaderView.swift in Sources */,
				3298EEF11E7A6E6200C46937 /* UIView+CustomControlView.m in Sources */,
				3298EE691E79365100C46937 /* UIColor+Extension.swift in Sources */,
				32DAE1E11E7BC258002441C7 /* MusicModel.swift in Sources */,
				3298EE7B1E79438400C46937 /* NetWorkTool.swift in Sources */,
				3298EECC1E7A6A8700C46937 /* MusicListTableViewController.swift in Sources */,
				3298EE641E79365100C46937 /* Array+Extension.swift in Sources */,
				3298EEED1E7A6E6200C46937 /* ASValueTrackingSlider.m in Sources */,
				3298EE531E7933EA00C46937 /* MineViewController.swift in Sources */,
				3298EE761E793F9200C46937 /* SongDetail.swift in Sources */,
				32DAE1DF1E7B8AA7002441C7 /* PlayBottomView.swift in Sources */,
				32DAE1E41E7F7546002441C7 /* PlayMusicTool.swift in Sources */,
				3298EEF41E7A6E6200C46937 /* ZFBrightnessView.m in Sources */,
				3298EE6B1E79365100C46937 /* UIImageView+Extension.swift in Sources */,
				3298EE6D1E79365100C46937 /* UIView+Extension.swift in Sources */,
				3298EE551E7933FF00C46937 /* MusicViewController.swift in Sources */,
				32DAE1DB1E7B8A84002441C7 /* PlayTopView.swift in Sources */,
				3298EE511E7933D600C46937 /* BaseNavigationViewController.swift in Sources */,
				3298EEF21E7A6E6200C46937 /* UIViewController+ZFPlayerRotation.m in Sources */,
				3298EEF81E7A6E6200C46937 /* ZFPlayerView.m in Sources */,
				3298EE6A1E79365100C46937 /* UIImage+Extension.swift in Sources */,
				3298EE041E79286900C46937 /* AppDelegate.swift in Sources */,
				3298EE721E793F6E00C46937 /* SongGroup.swift in Sources */,
				3298EE4D1E79336000C46937 /* HomeViewController.swift in Sources */,
				329239F21E8220350037D638 /* VideoListModel.swift in Sources */,
			);
			runOnlyForDeploymentPostprocessing = 0;
		};
		3298EE101E79286900C46937 /* Sources */ = {
			isa = PBXSourcesBuildPhase;
			buildActionMask = 2147483647;
			files = (
				3298EE191E79286900C46937 /* WQDouShiTests.swift in Sources */,
			);
			runOnlyForDeploymentPostprocessing = 0;
		};
		3298EE1B1E79286900C46937 /* Sources */ = {
			isa = PBXSourcesBuildPhase;
			buildActionMask = 2147483647;
			files = (
				3298EE241E79286900C46937 /* WQDouShiUITests.swift in Sources */,
			);
			runOnlyForDeploymentPostprocessing = 0;
		};
/* End PBXSourcesBuildPhase section */

/* Begin PBXTargetDependency section */
		3298EE161E79286900C46937 /* PBXTargetDependency */ = {
			isa = PBXTargetDependency;
			target = 3298EDFF1E79286900C46937 /* WQDouShi */;
			targetProxy = 3298EE151E79286900C46937 /* PBXContainerItemProxy */;
		};
		3298EE211E79286900C46937 /* PBXTargetDependency */ = {
			isa = PBXTargetDependency;
			target = 3298EDFF1E79286900C46937 /* WQDouShi */;
			targetProxy = 3298EE201E79286900C46937 /* PBXContainerItemProxy */;
		};
/* End PBXTargetDependency section */

/* Begin PBXVariantGroup section */
		3298EE071E79286900C46937 /* Main.storyboard */ = {
			isa = PBXVariantGroup;
			children = (
				3298EE081E79286900C46937 /* Base */,
			);
			name = Main.storyboard;
			sourceTree = "<group>";
		};
		3298EE0C1E79286900C46937 /* LaunchScreen.storyboard */ = {
			isa = PBXVariantGroup;
			children = (
				3298EE0D1E79286900C46937 /* Base */,
			);
			name = LaunchScreen.storyboard;
			sourceTree = "<group>";
		};
/* End PBXVariantGroup section */

/* Begin XCBuildConfiguration section */
		3298EE261E79286900C46937 /* Debug */ = {
			isa = XCBuildConfiguration;
			buildSettings = {
				ALWAYS_SEARCH_USER_PATHS = NO;
				CLANG_ANALYZER_NONNULL = YES;
				CLANG_CXX_LANGUAGE_STANDARD = "gnu++0x";
				CLANG_CXX_LIBRARY = "libc++";
				CLANG_ENABLE_MODULES = YES;
				CLANG_ENABLE_OBJC_ARC = YES;
				CLANG_WARN_BOOL_CONVERSION = YES;
				CLANG_WARN_CONSTANT_CONVERSION = YES;
				CLANG_WARN_DIRECT_OBJC_ISA_USAGE = YES_ERROR;
				CLANG_WARN_DOCUMENTATION_COMMENTS = YES;
				CLANG_WARN_EMPTY_BODY = YES;
				CLANG_WARN_ENUM_CONVERSION = YES;
				CLANG_WARN_INFINITE_RECURSION = YES;
				CLANG_WARN_INT_CONVERSION = YES;
				CLANG_WARN_OBJC_ROOT_CLASS = YES_ERROR;
				CLANG_WARN_SUSPICIOUS_MOVE = YES;
				CLANG_WARN_UNREACHABLE_CODE = YES;
				CLANG_WARN__DUPLICATE_METHOD_MATCH = YES;
				"CODE_SIGN_IDENTITY[sdk=iphoneos*]" = "iPhone Developer";
				COPY_PHASE_STRIP = NO;
				DEBUG_INFORMATION_FORMAT = dwarf;
				ENABLE_STRICT_OBJC_MSGSEND = YES;
				ENABLE_TESTABILITY = YES;
				GCC_C_LANGUAGE_STANDARD = gnu99;
				GCC_DYNAMIC_NO_PIC = NO;
				GCC_NO_COMMON_BLOCKS = YES;
				GCC_OPTIMIZATION_LEVEL = 0;
				GCC_PREPROCESSOR_DEFINITIONS = (
					"DEBUG=1",
					"$(inherited)",
				);
				GCC_WARN_64_TO_32_BIT_CONVERSION = YES;
				GCC_WARN_ABOUT_RETURN_TYPE = YES_ERROR;
				GCC_WARN_UNDECLARED_SELECTOR = YES;
				GCC_WARN_UNINITIALIZED_AUTOS = YES_AGGRESSIVE;
				GCC_WARN_UNUSED_FUNCTION = YES;
				GCC_WARN_UNUSED_VARIABLE = YES;
				IPHONEOS_DEPLOYMENT_TARGET = 10.2;
				MTL_ENABLE_DEBUG_INFO = YES;
				ONLY_ACTIVE_ARCH = YES;
				SDKROOT = iphoneos;
				SWIFT_ACTIVE_COMPILATION_CONDITIONS = DEBUG;
				SWIFT_OPTIMIZATION_LEVEL = "-Onone";
				TARGETED_DEVICE_FAMILY = "1,2";
			};
			name = Debug;
		};
		3298EE271E79286900C46937 /* Release */ = {
			isa = XCBuildConfiguration;
			buildSettings = {
				ALWAYS_SEARCH_USER_PATHS = NO;
				CLANG_ANALYZER_NONNULL = YES;
				CLANG_CXX_LANGUAGE_STANDARD = "gnu++0x";
				CLANG_CXX_LIBRARY = "libc++";
				CLANG_ENABLE_MODULES = YES;
				CLANG_ENABLE_OBJC_ARC = YES;
				CLANG_WARN_BOOL_CONVERSION = YES;
				CLANG_WARN_CONSTANT_CONVERSION = YES;
				CLANG_WARN_DIRECT_OBJC_ISA_USAGE = YES_ERROR;
				CLANG_WARN_DOCUMENTATION_COMMENTS = YES;
				CLANG_WARN_EMPTY_BODY = YES;
				CLANG_WARN_ENUM_CONVERSION = YES;
				CLANG_WARN_INFINITE_RECURSION = YES;
				CLANG_WARN_INT_CONVERSION = YES;
				CLANG_WARN_OBJC_ROOT_CLASS = YES_ERROR;
				CLANG_WARN_SUSPICIOUS_MOVE = YES;
				CLANG_WARN_UNREACHABLE_CODE = YES;
				CLANG_WARN__DUPLICATE_METHOD_MATCH = YES;
				"CODE_SIGN_IDENTITY[sdk=iphoneos*]" = "iPhone Developer";
				COPY_PHASE_STRIP = NO;
				DEBUG_INFORMATION_FORMAT = "dwarf-with-dsym";
				ENABLE_NS_ASSERTIONS = NO;
				ENABLE_STRICT_OBJC_MSGSEND = YES;
				GCC_C_LANGUAGE_STANDARD = gnu99;
				GCC_NO_COMMON_BLOCKS = YES;
				GCC_WARN_64_TO_32_BIT_CONVERSION = YES;
				GCC_WARN_ABOUT_RETURN_TYPE = YES_ERROR;
				GCC_WARN_UNDECLARED_SELECTOR = YES;
				GCC_WARN_UNINITIALIZED_AUTOS = YES_AGGRESSIVE;
				GCC_WARN_UNUSED_FUNCTION = YES;
				GCC_WARN_UNUSED_VARIABLE = YES;
				IPHONEOS_DEPLOYMENT_TARGET = 10.2;
				MTL_ENABLE_DEBUG_INFO = NO;
				SDKROOT = iphoneos;
				SWIFT_OPTIMIZATION_LEVEL = "-Owholemodule";
				TARGETED_DEVICE_FAMILY = "1,2";
				VALIDATE_PRODUCT = YES;
			};
			name = Release;
		};
		3298EE291E79286900C46937 /* Debug */ = {
			isa = XCBuildConfiguration;
			baseConfigurationReference = 1817CF5EA495A3A0ED62E086 /* Pods-WQDouShi.debug.xcconfig */;
			buildSettings = {
				ASSETCATALOG_COMPILER_APPICON_NAME = AppIcon;
				DEVELOPMENT_TEAM = A7BGJVPH4B;
				INFOPLIST_FILE = WQDouShi/Info.plist;
				LD_RUNPATH_SEARCH_PATHS = "$(inherited) @executable_path/Frameworks";
				PRODUCT_BUNDLE_IDENTIFIER = yoke121.com.WQDouShi;
				PRODUCT_NAME = "$(TARGET_NAME)";
				SWIFT_OBJC_BRIDGING_HEADER = "/Users/yoke2/Downloads/DouShi_swift/WQDouShi/WQDouShi/WQDouShi-Bridging-Header.h";
				SWIFT_VERSION = 3.0;
			};
			name = Debug;
		};
		3298EE2A1E79286900C46937 /* Release */ = {
			isa = XCBuildConfiguration;
			baseConfigurationReference = D01288642126705866D75930 /* Pods-WQDouShi.release.xcconfig */;
			buildSettings = {
				ASSETCATALOG_COMPILER_APPICON_NAME = AppIcon;
				DEVELOPMENT_TEAM = A7BGJVPH4B;
				INFOPLIST_FILE = WQDouShi/Info.plist;
				LD_RUNPATH_SEARCH_PATHS = "$(inherited) @executable_path/Frameworks";
				PRODUCT_BUNDLE_IDENTIFIER = yoke121.com.WQDouShi;
				PRODUCT_NAME = "$(TARGET_NAME)";
				SWIFT_OBJC_BRIDGING_HEADER = "/Users/yoke2/Downloads/DouShi_swift/WQDouShi/WQDouShi/WQDouShi-Bridging-Header.h";
				SWIFT_VERSION = 3.0;
			};
			name = Release;
		};
		3298EE2C1E79286900C46937 /* Debug */ = {
			isa = XCBuildConfiguration;
			buildSettings = {
				ALWAYS_EMBED_SWIFT_STANDARD_LIBRARIES = YES;
				BUNDLE_LOADER = "$(TEST_HOST)";
				INFOPLIST_FILE = WQDouShiTests/Info.plist;
				LD_RUNPATH_SEARCH_PATHS = "$(inherited) @executable_path/Frameworks @loader_path/Frameworks";
				PRODUCT_BUNDLE_IDENTIFIER = yoke121.com.WQDouShiTests;
				PRODUCT_NAME = "$(TARGET_NAME)";
				SWIFT_VERSION = 3.0;
				TEST_HOST = "$(BUILT_PRODUCTS_DIR)/WQDouShi.app/WQDouShi";
			};
			name = Debug;
		};
		3298EE2D1E79286900C46937 /* Release */ = {
			isa = XCBuildConfiguration;
			buildSettings = {
				ALWAYS_EMBED_SWIFT_STANDARD_LIBRARIES = YES;
				BUNDLE_LOADER = "$(TEST_HOST)";
				INFOPLIST_FILE = WQDouShiTests/Info.plist;
				LD_RUNPATH_SEARCH_PATHS = "$(inherited) @executable_path/Frameworks @loader_path/Frameworks";
				PRODUCT_BUNDLE_IDENTIFIER = yoke121.com.WQDouShiTests;
				PRODUCT_NAME = "$(TARGET_NAME)";
				SWIFT_VERSION = 3.0;
				TEST_HOST = "$(BUILT_PRODUCTS_DIR)/WQDouShi.app/WQDouShi";
			};
			name = Release;
		};
		3298EE2F1E79286900C46937 /* Debug */ = {
			isa = XCBuildConfiguration;
			buildSettings = {
				ALWAYS_EMBED_SWIFT_STANDARD_LIBRARIES = YES;
				INFOPLIST_FILE = WQDouShiUITests/Info.plist;
				LD_RUNPATH_SEARCH_PATHS = "$(inherited) @executable_path/Frameworks @loader_path/Frameworks";
				PRODUCT_BUNDLE_IDENTIFIER = yoke121.com.WQDouShiUITests;
				PRODUCT_NAME = "$(TARGET_NAME)";
				SWIFT_VERSION = 3.0;
				TEST_TARGET_NAME = WQDouShi;
			};
			name = Debug;
		};
		3298EE301E79286900C46937 /* Release */ = {
			isa = XCBuildConfiguration;
			buildSettings = {
				ALWAYS_EMBED_SWIFT_STANDARD_LIBRARIES = YES;
				INFOPLIST_FILE = WQDouShiUITests/Info.plist;
				LD_RUNPATH_SEARCH_PATHS = "$(inherited) @executable_path/Frameworks @loader_path/Frameworks";
				PRODUCT_BUNDLE_IDENTIFIER = yoke121.com.WQDouShiUITests;
				PRODUCT_NAME = "$(TARGET_NAME)";
				SWIFT_VERSION = 3.0;
				TEST_TARGET_NAME = WQDouShi;
			};
			name = Release;
		};
/* End XCBuildConfiguration section */

/* Begin XCConfigurationList section */
		3298EDFB1E79286900C46937 /* Build configuration list for PBXProject "WQDouShi" */ = {
			isa = XCConfigurationList;
			buildConfigurations = (
				3298EE261E79286900C46937 /* Debug */,
				3298EE271E79286900C46937 /* Release */,
			);
			defaultConfigurationIsVisible = 0;
			defaultConfigurationName = Release;
		};
		3298EE281E79286900C46937 /* Build configuration list for PBXNativeTarget "WQDouShi" */ = {
			isa = XCConfigurationList;
			buildConfigurations = (
				3298EE291E79286900C46937 /* Debug */,
				3298EE2A1E79286900C46937 /* Release */,
			);
			defaultConfigurationIsVisible = 0;
			defaultConfigurationName = Release;
		};
		3298EE2B1E79286900C46937 /* Build configuration list for PBXNativeTarget "WQDouShiTests" */ = {
			isa = XCConfigurationList;
			buildConfigurations = (
				3298EE2C1E79286900C46937 /* Debug */,
				3298EE2D1E79286900C46937 /* Release */,
			);
			defaultConfigurationIsVisible = 0;
			defaultConfigurationName = Release;
		};
		3298EE2E1E79286900C46937 /* Build configuration list for PBXNativeTarget "WQDouShiUITests" */ = {
			isa = XCConfigurationList;
			buildConfigurations = (
				3298EE2F1E79286900C46937 /* Debug */,
				3298EE301E79286900C46937 /* Release */,
			);
			defaultConfigurationIsVisible = 0;
			defaultConfigurationName = Release;
		};
/* End XCConfigurationList section */
	};
	rootObject = 3298EDF81E79286900C46937 /* Project object */;
}
